{
  "version": "2",
  "remote": {
    "https://cdn.skypack.dev/-/big.js@v5.2.2-sUR8fKsGHRxsJyqyvOSP/dist=es2019,mode=imports/optimized/bigjs.js": "b6d8e6af0c1f7bdc7e8cd0890819ecee2dcbb0776ec4089eae281de8ebd7b2bd",
    "https://cdn.skypack.dev/big.js@^5.2.2": "f74e8935c06af6664d64a5534d1d6db1ab66649df8164696117ab5a1cd10714e",
    "https://deno.land/std@0.133.0/_deno_unstable.ts": "23a1a36928f1b6d3b0170aaa67de09af12aa998525f608ff7331b9fb364cbde6",
    "https://deno.land/std@0.133.0/_util/assert.ts": "e94f2eb37cebd7f199952e242c77654e43333c1ac4c5c700e929ea3aa5489f74",
    "https://deno.land/std@0.133.0/_util/os.ts": "49b92edea1e82ba295ec946de8ffd956ed123e2948d9bd1d3e901b04e4307617",
    "https://deno.land/std@0.133.0/fs/_util.ts": "0fb24eb4bfebc2c194fb1afdb42b9c3dda12e368f43e8f2321f84fc77d42cb0f",
    "https://deno.land/std@0.133.0/fs/copy.ts": "9248d1492599957af8c693ceb10a432b09f0b0b61c60a4d6aff29b0c7d3a17b3",
    "https://deno.land/std@0.133.0/fs/empty_dir.ts": "7274d87160de34cbed0531e284df383045cf43543bbeadeb97feac598bd8f3c5",
    "https://deno.land/std@0.133.0/fs/ensure_dir.ts": "9dc109c27df4098b9fc12d949612ae5c9c7169507660dcf9ad90631833209d9d",
    "https://deno.land/std@0.133.0/fs/ensure_file.ts": "7d353e64fee3d4d1e7c6b6726a2a5e987ba402c15fb49566309042887349c545",
    "https://deno.land/std@0.133.0/fs/ensure_link.ts": "489e23df9fe3e6636048b5830ddf0f111eb29621eb85719255ad9bd645f3471b",
    "https://deno.land/std@0.133.0/fs/ensure_symlink.ts": "88dc83de1bc90ed883dd458c2d2eae3d5834a4617d12925734836e1f0803b274",
    "https://deno.land/std@0.133.0/fs/eol.ts": "b92f0b88036de507e7e6fbedbe8f666835ea9dcbf5ac85917fa1fadc919f83a5",
    "https://deno.land/std@0.133.0/fs/exists.ts": "cb734d872f8554ea40b8bff77ad33d4143c1187eac621a55bf37781a43c56f6d",
    "https://deno.land/std@0.133.0/fs/expand_glob.ts": "0c10130d67c9b02164b03df8e43c6d6defbf8e395cb69d09e84a8586e6d72ac3",
    "https://deno.land/std@0.133.0/fs/mod.ts": "4dc052c461c171abb5c25f6e0f218ab838a716230930b534ba351745864b7d6d",
    "https://deno.land/std@0.133.0/fs/move.ts": "0573cedcf583f09a9494f2dfccbf67de68a93629942d6b5e6e74a9e45d4e8a2e",
    "https://deno.land/std@0.133.0/fs/walk.ts": "117403ccd21fd322febe56ba06053b1ad5064c802170f19b1ea43214088fe95f",
    "https://deno.land/std@0.133.0/path/_constants.ts": "df1db3ffa6dd6d1252cc9617e5d72165cd2483df90e93833e13580687b6083c3",
    "https://deno.land/std@0.133.0/path/_interface.ts": "ee3b431a336b80cf445441109d089b70d87d5e248f4f90ff906820889ecf8d09",
    "https://deno.land/std@0.133.0/path/_util.ts": "c1e9686d0164e29f7d880b2158971d805b6e0efc3110d0b3e24e4b8af2190d2b",
    "https://deno.land/std@0.133.0/path/common.ts": "bee563630abd2d97f99d83c96c2fa0cca7cee103e8cb4e7699ec4d5db7bd2633",
    "https://deno.land/std@0.133.0/path/glob.ts": "cb5255638de1048973c3e69e420c77dc04f75755524cb3b2e160fe9277d939ee",
    "https://deno.land/std@0.133.0/path/mod.ts": "4275129bb766f0e475ecc5246aa35689eeade419d72a48355203f31802640be7",
    "https://deno.land/std@0.133.0/path/posix.ts": "663e4a6fe30a145f56aa41a22d95114c4c5582d8b57d2d7c9ed27ad2c47636bb",
    "https://deno.land/std@0.133.0/path/separator.ts": "fe1816cb765a8068afb3e8f13ad272351c85cbc739af56dacfc7d93d710fe0f9",
    "https://deno.land/std@0.133.0/path/win32.ts": "e7bdf63e8d9982b4d8a01ef5689425c93310ece950e517476e22af10f41a136e",
    "https://deno.land/std@0.162.0/_util/assert.ts": "e94f2eb37cebd7f199952e242c77654e43333c1ac4c5c700e929ea3aa5489f74",
    "https://deno.land/std@0.162.0/bytes/bytes_list.ts": "aba5e2369e77d426b10af1de0dcc4531acecec27f9b9056f4f7bfbf8ac147ab4",
    "https://deno.land/std@0.162.0/bytes/equals.ts": "3c3558c3ae85526f84510aa2b48ab2ad7bdd899e2e0f5b7a8ffc85acb3a6043a",
    "https://deno.land/std@0.162.0/bytes/mod.ts": "b2e342fd3669176a27a4e15061e9d588b89c1aaf5008ab71766e23669565d179",
    "https://deno.land/std@0.162.0/fmt/colors.ts": "9e36a716611dcd2e4865adea9c4bec916b5c60caad4cdcdc630d4974e6bb8bd4",
    "https://deno.land/std@0.162.0/io/buffer.ts": "fae02290f52301c4e0188670e730cd902f9307fb732d79c4aa14ebdc82497289",
    "https://deno.land/std@0.162.0/streams/conversion.ts": "555c6c249f3acf85655f2d0af52d1cb3168e40b1c1fa26beefea501b333abe28",
    "https://deno.land/std@0.192.0/_util/asserts.ts": "178dfc49a464aee693a7e285567b3d0b555dc805ff490505a8aae34f9cfb1462",
    "https://deno.land/std@0.192.0/console/_data.json": "cf2cc9d039a192b3adbfe64627167c7e6212704c888c25c769fc8f1709e1e1b8",
    "https://deno.land/std@0.192.0/console/_rle.ts": "2de0467f9eda70b1d688add47090774528b85aa1caa7ce866b4637ea7b046bcc",
    "https://deno.land/std@0.192.0/console/unicode_width.ts": "86ced742f92a12ab313e60e45201d076a4af5e9819728fdd358205e78e5d48e1",
    "https://deno.land/std@0.192.0/fmt/colors.ts": "d67e3cd9f472535241a8e410d33423980bec45047e343577554d3356e1f0ef4e",
    "https://deno.land/std@0.195.0/fmt/colors.ts": "a7eecffdf3d1d54db890723b303847b6e0a1ab4b528ba6958b8f2e754cf1b3bc",
    "https://deno.land/x/cliffy@v1.0.0-rc.2/_utils/distance.ts": "02af166952c7c358ac83beae397aa2fbca4ad630aecfcd38d92edb1ea429f004",
    "https://deno.land/x/cliffy@v1.0.0-rc.2/command/_argument_types.ts": "ab269dacea2030f865a07c2a1e953ec437a64419a05bad1f1ddaab3f99752ead",
    "https://deno.land/x/cliffy@v1.0.0-rc.2/command/_errors.ts": "12d513ff401020287a344e0830e1297ce1c80c077ecb91e0ac5db44d04a6019c",
    "https://deno.land/x/cliffy@v1.0.0-rc.2/command/_spread.ts": "0cc6eb70a6df97b5d7d26008822d39f3e8a1232ee0a27f395aa19e68de738245",
    "https://deno.land/x/cliffy@v1.0.0-rc.2/command/_type_utils.ts": "820004a59bc858e355b11f80e5b3ff1be2c87e66f31f53f253610170795602f0",
    "https://deno.land/x/cliffy@v1.0.0-rc.2/command/_utils.ts": "3c88ff4f36eba298beb07de08068fdce5e5cb7b9d82c8a319f09596d8279be64",
    "https://deno.land/x/cliffy@v1.0.0-rc.2/command/command.ts": "ae690745759524082776b7f271f66d5b93933170b1b132f888bd4ac12e9fdd7d",
    "https://deno.land/x/cliffy@v1.0.0-rc.2/command/completions/_bash_completions_generator.ts": "0c6cb1df4d378d22f001155781d97a9c3519fd10c48187a198fef2cc63b0f84a",
    "https://deno.land/x/cliffy@v1.0.0-rc.2/command/completions/_fish_completions_generator.ts": "8ba4455f7f76a756e05c3db4ce35332b2951af65a2891f2750b530e06880f495",
    "https://deno.land/x/cliffy@v1.0.0-rc.2/command/completions/_zsh_completions_generator.ts": "c74525feaf570fe8c14433c30d192622c25603f1fc64694ef69f2a218b41f230",
    "https://deno.land/x/cliffy@v1.0.0-rc.2/command/completions/bash.ts": "53fe78994eb2359110dc4fa79235bdd86800a38c1d6b1c4fe673c81756f3a0e2",
    "https://deno.land/x/cliffy@v1.0.0-rc.2/command/completions/complete.ts": "58df61caa5e6220ff2768636a69337923ad9d4b8c1932aeb27165081c4d07d8b",
    "https://deno.land/x/cliffy@v1.0.0-rc.2/command/completions/completions_command.ts": "506f97f1c6b0b1c3e9956e5069070028b818942310600d4157f64c9b644d3c49",
    "https://deno.land/x/cliffy@v1.0.0-rc.2/command/completions/fish.ts": "6f0b44b4067740b2931c9ec8863b6619b1d3410fea0c5a3988525a4c53059197",
    "https://deno.land/x/cliffy@v1.0.0-rc.2/command/completions/mod.ts": "8dda715ca25f3f66d5ec232b76d7c9a96dd4c64b5029feff91738cc0c9586fb1",
    "https://deno.land/x/cliffy@v1.0.0-rc.2/command/completions/zsh.ts": "f1263c3946975e090d4aadc8681db811d86b52a8ae680f246e03248025885c21",
    "https://deno.land/x/cliffy@v1.0.0-rc.2/command/deprecated.ts": "bbe6670f1d645b773d04b725b8b8e7814c862c9f1afba460c4d599ffe9d4983c",
    "https://deno.land/x/cliffy@v1.0.0-rc.2/command/deps.ts": "1ddefeb346702d54532314de731fde70123fc47e152269ea322261537ab23614",
    "https://deno.land/x/cliffy@v1.0.0-rc.2/command/help/_help_generator.ts": "532dd4a928baab8b45ce46bb6d20e2ebacfdf3da141ce9d12da796652b1de478",
    "https://deno.land/x/cliffy@v1.0.0-rc.2/command/help/help_command.ts": "fbbf0c0827dd21d3cec7bcc68c00c20b55f53e2b621032891b9d23ac4191231c",
    "https://deno.land/x/cliffy@v1.0.0-rc.2/command/help/mod.ts": "8369b292761dcc9ddaf41f2d34bfb06fb6800b69efe80da4fc9752c3b890275b",
    "https://deno.land/x/cliffy@v1.0.0-rc.2/command/mod.ts": "4b708df1b97152522bee0e3828f06abbbc1d2250168910e5cf454950d7b7404b",
    "https://deno.land/x/cliffy@v1.0.0-rc.2/command/type.ts": "f588f5d9635b79100044e62aced4b00e510e75b83801f9b089c40c2d98674de2",
    "https://deno.land/x/cliffy@v1.0.0-rc.2/command/types.ts": "bc9ff7459b9cc1079eeb95ff101690a51b4b4afa4af5623340076ee361d08dbb",
    "https://deno.land/x/cliffy@v1.0.0-rc.2/command/types/action_list.ts": "33c98d449617c7a563a535c9ceb3741bde9f6363353fd492f90a74570c611c27",
    "https://deno.land/x/cliffy@v1.0.0-rc.2/command/types/boolean.ts": "3879ec16092b4b5b1a0acb8675f8c9250c0b8a972e1e4c7adfba8335bd2263ed",
    "https://deno.land/x/cliffy@v1.0.0-rc.2/command/types/child_command.ts": "f1fca390c7fbfa7a713ca15ef55c2c7656bcbb394d50e8ef54085bdf6dc22559",
    "https://deno.land/x/cliffy@v1.0.0-rc.2/command/types/command.ts": "325d0382e383b725fd8d0ef34ebaeae082c5b76a1f6f2e843fee5dbb1a4fe3ac",
    "https://deno.land/x/cliffy@v1.0.0-rc.2/command/types/enum.ts": "8a7cd2898e03089234083bb78c8b1d9b7172254c53c32d4710321638165a48ec",
    "https://deno.land/x/cliffy@v1.0.0-rc.2/command/types/file.ts": "8618f16ac9015c8589cbd946b3de1988cc4899b90ea251f3325c93c46745140e",
    "https://deno.land/x/cliffy@v1.0.0-rc.2/command/types/integer.ts": "29864725fd48738579d18123d7ee78fed37515e6dc62146c7544c98a82f1778d",
    "https://deno.land/x/cliffy@v1.0.0-rc.2/command/types/number.ts": "aeba96e6f470309317a16b308c82e0e4138a830ec79c9877e4622c682012bc1f",
    "https://deno.land/x/cliffy@v1.0.0-rc.2/command/types/string.ts": "e4dadb08a11795474871c7967beab954593813bb53d9f69ea5f9b734e43dc0e0",
    "https://deno.land/x/cliffy@v1.0.0-rc.2/command/upgrade/_check_version.ts": "6cfa7dc26bc0dc46381500e8d4b130fb224f4c5456152dada15bd3793edca89b",
    "https://deno.land/x/cliffy@v1.0.0-rc.2/command/upgrade/mod.ts": "4eff69c489467be17dea27fb95a795396111ee385d170ac0cbcc82f0ea38156c",
    "https://deno.land/x/cliffy@v1.0.0-rc.2/command/upgrade/provider.ts": "c23253334097dc4b8a147ccdeb3aa44f5a95aa953a6386cb5396f830d95d77a5",
    "https://deno.land/x/cliffy@v1.0.0-rc.2/command/upgrade/provider/deno_land.ts": "24f8d82e38c51e09be989f30f8ad21f9dd41ac1bb1973b443a13883e8ba06d6d",
    "https://deno.land/x/cliffy@v1.0.0-rc.2/command/upgrade/provider/github.ts": "99e1b133dd446c6aa79f69e69c46eb8bc1c968dd331c2a7d4064514a317c7b59",
    "https://deno.land/x/cliffy@v1.0.0-rc.2/command/upgrade/provider/nest_land.ts": "0e07936cea04fa41ac9297f32d87f39152ea873970c54cb5b4934b12fee1885e",
    "https://deno.land/x/cliffy@v1.0.0-rc.2/command/upgrade/upgrade_command.ts": "3640a287d914190241ea1e636774b1b4b0e1828fa75119971dd5304784061e05",
    "https://deno.land/x/cliffy@v1.0.0-rc.2/flags/_errors.ts": "f1fbb6bfa009e7950508c9d491cfb4a5551027d9f453389606adb3f2327d048f",
    "https://deno.land/x/cliffy@v1.0.0-rc.2/flags/_utils.ts": "340d3ecab43cde9489187e1f176504d2c58485df6652d1cdd907c0e9c3ce4cc2",
    "https://deno.land/x/cliffy@v1.0.0-rc.2/flags/_validate_flags.ts": "e60b9038c0136ab7e6bd1baf0e993a07bf23f18afbfb6e12c59adf665a622957",
    "https://deno.land/x/cliffy@v1.0.0-rc.2/flags/deprecated.ts": "a72a35de3cc7314e5ebea605ca23d08385b218ef171c32a3f135fb4318b08126",
    "https://deno.land/x/cliffy@v1.0.0-rc.2/flags/flags.ts": "3e62c4a9756b5705aada29e7e94847001356b3a83cd18ad56f4207387a71cf51",
    "https://deno.land/x/cliffy@v1.0.0-rc.2/flags/types.ts": "9e2f75edff2217d972fc711a21676a59dfd88378da2f1ace440ea84c07db1dcc",
    "https://deno.land/x/cliffy@v1.0.0-rc.2/flags/types/boolean.ts": "4c026dd66ec9c5436860dc6d0241427bdb8d8e07337ad71b33c08193428a2236",
    "https://deno.land/x/cliffy@v1.0.0-rc.2/flags/types/integer.ts": "b60d4d590f309ddddf066782d43e4dc3799f0e7d08e5ede7dc62a5ee94b9a6d9",
    "https://deno.land/x/cliffy@v1.0.0-rc.2/flags/types/number.ts": "610936e2d29de7c8c304b65489a75ebae17b005c6122c24e791fbed12444d51e",
    "https://deno.land/x/cliffy@v1.0.0-rc.2/flags/types/string.ts": "e89b6a5ce322f65a894edecdc48b44956ec246a1d881f03e97bbda90dd8638c5",
    "https://deno.land/x/cliffy@v1.0.0-rc.2/table/_layout.ts": "e4a518da28333de95ad791208b9930025987c8b93d5f8b7f30b377b3e26b24e1",
    "https://deno.land/x/cliffy@v1.0.0-rc.2/table/_utils.ts": "fd48d1a524a42e72aa3ad2eec858a92f5a00728d306c7e8436fba6c34314fee6",
    "https://deno.land/x/cliffy@v1.0.0-rc.2/table/border.ts": "5c6e9ef5078c6930169aacb668b274bdbb498461c724a7693ac9270fe9d3f5d5",
    "https://deno.land/x/cliffy@v1.0.0-rc.2/table/cell.ts": "1ffabd43b6b7fddfac9625cb0d015532e144702a9bfed03b358b79375115d06b",
    "https://deno.land/x/cliffy@v1.0.0-rc.2/table/column.ts": "cf14009f2cb14bad156f879946186c1893acdc6a2fee6845db152edddb6a2714",
    "https://deno.land/x/cliffy@v1.0.0-rc.2/table/consume_words.ts": "456e75755fdf6966abdefb8b783df2855e2a8bad6ddbdf21bd748547c5fc1d4b",
    "https://deno.land/x/cliffy@v1.0.0-rc.2/table/deps.ts": "6493ba75cbe219ef74de1d1a1cf1ed72cdcb09d3eee240a16ff5fd9bb069b816",
    "https://deno.land/x/cliffy@v1.0.0-rc.2/table/row.ts": "79eb1468aafdd951e5963898cdafe0752d4ab4c519d5f847f3d8ecb8fe857d4f",
    "https://deno.land/x/cliffy@v1.0.0-rc.2/table/table.ts": "298671e72e61f1ab18b42ae36643181993f79e29b39dc411fdc6ffd53aa04684",
    "https://deno.land/x/downstream@0.3.3/deps/_math.std.ts": "740e94815205b4e7b64a7e68997a108afca1f814be5cea03c8c3dce4f490067b",
    "https://deno.land/x/downstream@0.3.3/deps/_progressbar.ts": "a0f4ebdd1808c798353bf79959d7ad0684bc9aa5c843537a4efd32549c5be141",
    "https://deno.land/x/downstream@0.3.3/deps/rx_webstreams.ts": "2d17122abe303ad256b953b51f64ee5d1491632f37691e88e38d5374ab17951f",
    "https://deno.land/x/downstream@0.3.3/deps/sleep.ts": "abb5519310d47bf70371dcc07e93900f7e41f206b536546ccf0664f2a498de9f",
    "https://deno.land/x/downstream@0.3.3/lib/downstream.ts": "ee702753f79e9a95b781423cb4fc83d78dcdfbf3ff5a22f415ecadaa86099890",
    "https://deno.land/x/downstream@0.3.3/lib/progressTransformer.ts": "dd2eebd0824b3b427027b73156ca684e197a26b71fb8ea2a3818134a3a2c710c",
    "https://deno.land/x/downstream@0.3.3/lib/streamAdapters/MultiProgressCliRenderer.ts": "40d5c002974704b6340aeca1e3097e8e85bf2f1201d1ad1fe6efac81c4240566",
    "https://deno.land/x/downstream@0.3.3/lib/streamAdapters/simpleProgressCliRenderer.ts": "2c5a22e2255022a75f5e0dde410c5fb59e5088c9c63df934e84935ff70034431",
    "https://deno.land/x/downstream@0.3.3/mod.ts": "ee42783f9b1ac3294aa8d33d48f88e110e3454e92d276c96979695236c9bc86b",
    "https://deno.land/x/fluentci@v0.2.0/init.ts": "80a9c58ce67e4ed5ed80c7008427c5c63cf5e5249a9dcbcb60420a3a337e04da",
    "https://deno.land/x/fluentci@v0.2.0/main.ts": "033facb7b3b88c7fa0197c97158ccb86a2399f42738c948e9b96fb85e9c2ec18",
    "https://deno.land/x/fluentci@v0.2.0/run.ts": "9222bb9fdc2b772bf3092245aeca80c879f5e1dc99f1390ba0a84268ced74679",
    "https://deno.land/x/fluentci@v0.2.0/search.ts": "afcf25047c30e636617e748cf6787350677d34f4c0338c667e44cd8eaea0896b",
    "https://deno.land/x/math@v1.1.0/abs.ts": "d64fe603ae4bb57037f06a1a5004285b99ed016dab6bfcded07c8155efce24b7",
    "https://deno.land/x/math@v1.1.0/big/mod.ts": "ba561f56a24ecc9f03542693ed0c81166ed0c921f8017d220ec70c963e935509",
    "https://deno.land/x/math@v1.1.0/div.ts": "5dda45b8bb5c1f778f2cfb28cbee648c5c7aa818f915acce336651fd13994f07",
    "https://deno.land/x/math@v1.1.0/eq.ts": "145727b71b5bdd993c5d44fd9c9089419dac508527ef3812c590aabcd943236c",
    "https://deno.land/x/math@v1.1.0/gt.ts": "6e493f3cc2ecd9be244bb67dde28b1d5ec4d4218747fc9efd6f551a52093aaf7",
    "https://deno.land/x/math@v1.1.0/gte.ts": "4eddc58c2b79315974c328d92b512e133796d785e1f570f9e8d232e32d620e66",
    "https://deno.land/x/math@v1.1.0/lt.ts": "999e4d118c9a5e8e653bd34a32ef532634a68e0dd4ba6a200ad35cc7fd9ceb31",
    "https://deno.land/x/math@v1.1.0/lte.ts": "637c12db7307d33024054d9671f4f932a42dbaad4c60559c47be17c94f39eb1e",
    "https://deno.land/x/math@v1.1.0/matrix/eye.ts": "b7b060fc60a6f4ae4e3caa82e5a094cd622bd8519f67ad81e305b197a9d19d1c",
    "https://deno.land/x/math@v1.1.0/matrix/identity.ts": "00246e8133f2fac4a1481af7390907cc4cf3e8415a00d29a1e0beb47bdd81074",
    "https://deno.land/x/math@v1.1.0/matrix/matrix.ts": "2b80cd4fb8aa0ab9eca31cf6eb1037a2885f37ae7f84e1b7f050fa831089e937",
    "https://deno.land/x/math@v1.1.0/matrix/mod.ts": "123212ccd86007864c3400ca3deaa998c7e9453b77538094d06edc1add50f199",
    "https://deno.land/x/math@v1.1.0/max.ts": "bf646a3553e8800de240fad977eabbef365c388d33f79ef6fb5f015d8d7ff104",
    "https://deno.land/x/math@v1.1.0/min.ts": "9a617f3b2c76045f9169324787399cb709eba81fae8dbd4ff540336ea82eb470",
    "https://deno.land/x/math@v1.1.0/minus.ts": "e64bfe637c5d5c790f40dd6681b206dc9996303daacb6cd1533e7dc1969acda6",
    "https://deno.land/x/math@v1.1.0/mod.ts": "85f6d29ba8faaae2fb24c4ac3f5772474f1452ee27068714521a7c9aabfd1ee6",
    "https://deno.land/x/math@v1.1.0/modulo.ts": "c83ebdc4f4c9ddabf64ade595802502f2333220b1f59010457f4064e4bb94e6c",
    "https://deno.land/x/math@v1.1.0/plus.ts": "8d500d86c8f27acc9a754f636c530abe17bdb8f240aea2ece4b29e86ca121f40",
    "https://deno.land/x/math@v1.1.0/pow.ts": "47120d27e42fce01572340e724de26039beef6daae25133029af6df6fa7dec4c",
    "https://deno.land/x/math@v1.1.0/round.ts": "1b54a5d440f9a0d44d4ff8ba000f59b4895c37a1b2c2aaf5ec59a5fe8081e308",
    "https://deno.land/x/math@v1.1.0/sqrt.ts": "50d94b4d1d9077f887eec904d73cf5439c1ef4b724d1949414ba5ec7fb9343b3",
    "https://deno.land/x/math@v1.1.0/sum.ts": "6a0fddf3b50a965c79d96edc7fe2e146d4a95915fce90928fb4068abe9d8f059",
    "https://deno.land/x/math@v1.1.0/times.ts": "7359e88b8456fc121bdb800543712d637e0ca260777aa1bb0d43724fe576222e",
    "https://deno.land/x/math@v1.1.0/to_exponential.ts": "9038215c1cfd430acb835ca5e9c967f1a9da8d0658f7eeab8852662b201596d4",
    "https://deno.land/x/math@v1.1.0/to_fixed.ts": "3702a47b14950a9d37f13147e1340b5a3f5f07183d480af59fcdf9d10bb6084e",
    "https://deno.land/x/math@v1.1.0/to_precision.ts": "b7fb70b79649c9fd48f3747d285a5086e457487986c0f395a8275302e13a9b5e",
    "https://deno.land/x/progress@v1.3.7/deps.ts": "83050e627263931d853ba28b7c15c80bf4be912bea7e0d3d13da2bc0aaf7889d",
    "https://deno.land/x/progress@v1.3.7/mod.ts": "ee152d6e97c0d6ed71e4299b230b66d197f23315a9efb826695b9f77f1a38937",
    "https://deno.land/x/progress@v1.3.7/multi.ts": "54e03289ec4c762a387d40eae4bad50dad04089ba67fffb18f8e85343a4bd988",
    "https://deno.land/x/progress@v1.3.7/time.ts": "f5b302425cef076958c9352030f48a79bd7b54316b4057f99192884b5e140ea0",
    "https://deno.land/x/rx_webstreams@0.8.0/deps/zod.ts": "a44637821880d3f0e3c003ca4cb2dccad0ae3a3dfa498a813f081c8a0f1f19b1",
    "https://deno.land/x/rx_webstreams@0.8.0/lib/errors.ts": "9714265be0b1290ff6f3ff7aec089b7c7f47d2c9440010885f9d5e1296bb5a5e",
    "https://deno.land/x/rx_webstreams@0.8.0/lib/shared/errors/IllegalAccess.error.ts": "3db045b9bbca173f454dc1bde4576e41cd8c8562156c3d45a7cf0f9da712fd37",
    "https://deno.land/x/rx_webstreams@0.8.0/lib/shared/types/ChunkFilterFunc.ts": "82335bcefe2bfa3c6f438299ad7f2d1ecbacbd59677820a57afaa053dd5f44be",
    "https://deno.land/x/rx_webstreams@0.8.0/lib/shared/types/ChunkReduceFunc.ts": "86f27af6c744ef2152809d1f08afa4026752857ca4b0121cf7d26a973a09b453",
    "https://deno.land/x/rx_webstreams@0.8.0/lib/shared/types/ChunkTransformFunc.ts": "f64bfeda1110f685c1677b88c34d902f496953e15442bbfbd4d9d251de3957ae",
    "https://deno.land/x/rx_webstreams@0.8.0/lib/sources/emittable/EmittableSourceStream.ts": "605f55497f4f30df338148b2395a59c30c80bf6598de2ce4bcc322954d413bc8",
    "https://deno.land/x/rx_webstreams@0.8.0/lib/sources/emittableSource.ts": "87b129976f069906797d2dc1669d7eb62895c9f83bf968b9e663424c3fd79e09",
    "https://deno.land/x/rx_webstreams@0.8.0/lib/sources/fileSource.ts": "6d5f2ac0fe008b66a214c954fb83de5d75c31cee24436a7540020341a488575f",
    "https://deno.land/x/rx_webstreams@0.8.0/lib/sources/multiplexSource.ts": "da475cfedbf35164d587f4a070cc8069d6c5d00bf7cd87d1a857ba35e68cbd70",
    "https://deno.land/x/rx_webstreams@0.8.0/lib/sources/timerSource.ts": "79acf073c8064a0b0ae232860dfcf24eb2148a1982d60ddfcb6a31d751e2d811",
    "https://deno.land/x/rx_webstreams@0.8.0/lib/targets/simpleCallbackTarget.ts": "ab364908ac1aa8eecb32e6d1dee1d1588550b65ca1debc888257593a688ac382",
    "https://deno.land/x/rx_webstreams@0.8.0/lib/transforms/bytesToString.ts": "55c3dccc33e1f32ee2ead2182fc26fe8c94ac88b82685d15b0c1dc8b126d5e81",
    "https://deno.land/x/rx_webstreams@0.8.0/lib/transforms/filter.ts": "a8700e461bccca26f8cf7c2a07b5e3f9c002ddded4ec4a7332e84d6b106cd17f",
    "https://deno.land/x/rx_webstreams@0.8.0/lib/transforms/map.ts": "a3993b656e1b128e807da43a1ffee0aefca5385e16fc247506933212d32fbffe",
    "https://deno.land/x/rx_webstreams@0.8.0/lib/transforms/reduce.ts": "80d1edc38f2af098a49496e9b15db863ad83d8fcb2b812ce7369814a889d9c87",
    "https://deno.land/x/rx_webstreams@0.8.0/lib/transforms/stringToLines.ts": "d2db4e1c774acddbd0d17ba7ab49c086aa022a8242641060b23cf0034ded231b",
    "https://deno.land/x/rx_webstreams@0.8.0/lib/transforms/validateChunk.ts": "c7729fdea2ea975e29dac5886464cdf5d917efb9a06c675e95683d925fde8ff2",
    "https://deno.land/x/rx_webstreams@0.8.0/lib/types.ts": "d8324d8cdbfa18cd85e5f8f06257cabc8b3e6cfad44fef461050041d50142825",
    "https://deno.land/x/rx_webstreams@0.8.0/lib/utils/UnderlyingSourceWithController.ts": "92b606186289dbdf860191edf5e43cdb1acde203873a0a1a4b44da322340bf32",
    "https://deno.land/x/rx_webstreams@0.8.0/lib/utils/sanitizeOptions.ts": "147fc264ffbb585fea542ad3a6b5859b29900e97013cd55731a08c6112bbd45e",
    "https://deno.land/x/rx_webstreams@0.8.0/mod.ts": "1bb00637181c2a8a98c9929e14edd88b11d36fd2133360e4a33e41e02be8749d",
    "https://deno.land/x/sleep@v1.2.1/mod.ts": "f2d3c9e1ef1fb2852f580f6960384bed36bc18a2da357c35f11a089fcca44273",
    "https://deno.land/x/sleep@v1.2.1/sleep.ts": "2426efe5d3ce5de0b8af08bd36a8700deb5dc60e752f5f8f05d5e815a7e8cb0e",
    "https://deno.land/x/zip@v1.2.5/compress.ts": "43d9f4440960d15a85aec58f5d365acc25530d3d4186b2f5f896c090ecac20e8",
    "https://deno.land/x/zip@v1.2.5/decompress.ts": "0bce3d453726f686274fab3f6c19b72b5e74223a00d89c176b1de49a5dd5528d",
    "https://deno.land/x/zip@v1.2.5/deps.ts": "79548387594b3ae1efaaa870b5a507c4d6bedede13dbd5d4ad42f6cda0aeef86",
    "https://deno.land/x/zip@v1.2.5/mod.ts": "28eecbc3e1e5adf564f4aa465e64268713a05653104bacdcb04561533f8caf57",
    "https://deno.land/x/zip@v1.2.5/utils.ts": "43c323f2b79f9db1976c5739bbb1f9cced20e8077ca7e7e703f9d01d4330bd9d",
    "https://deno.land/x/zod@v3.19.1/ZodError.ts": "bd013373ed0cb47621d18df2abb8709a231166806821d76a84d31cad7068379e",
    "https://deno.land/x/zod@v3.19.1/errors.ts": "5285922d2be9700cc0c70c95e4858952b07ae193aa0224be3cbd5cd5567eabef",
    "https://deno.land/x/zod@v3.19.1/external.ts": "584f70718e55ae2660d18a552f9c3a5d022f8153aa43e6537f2c2738d6808d42",
    "https://deno.land/x/zod@v3.19.1/helpers/enumUtil.ts": "54efc393cc9860e687d8b81ff52e980def00fa67377ad0bf8b3104f8a5bf698c",
    "https://deno.land/x/zod@v3.19.1/helpers/errorUtil.ts": "7a77328240be7b847af6de9189963bd9f79cab32bbc61502a9db4fe6683e2ea7",
    "https://deno.land/x/zod@v3.19.1/helpers/parseUtil.ts": "920a5623929a4be9110412f82d16ccda537a58e153c942a6d6b8a38329f293a1",
    "https://deno.land/x/zod@v3.19.1/helpers/partialUtil.ts": "8dc921a02b47384cf52217c7e539268daf619f89319b75bdf13ea178815725df",
    "https://deno.land/x/zod@v3.19.1/helpers/typeAliases.ts": "a1a8d039eb98925f242f5ea1e21e6d3cabd7f05e9747680165c914695c979b4f",
    "https://deno.land/x/zod@v3.19.1/helpers/util.ts": "27765b9fbf843da59fcc16dccd6478976051b483769ec8e8376ac051bbac4a02",
    "https://deno.land/x/zod@v3.19.1/index.ts": "035a7422d9f2be54daa0fe464254b69225b443000673e4794095d672471e8792",
    "https://deno.land/x/zod@v3.19.1/locales/en.ts": "152ea350b7df6ce14f2806fc8c0972f56c9b2de6a3dd1129795287f50dee4374",
    "https://deno.land/x/zod@v3.19.1/mod.ts": "64e55237cb4410e17d968cd08975566059f27638ebb0b86048031b987ba251c4",
    "https://deno.land/x/zod@v3.19.1/types.ts": "ab062fe1640d2172f49ca593fb325a22f8927145201f29b02b62353c79db2501"
  }
}
