{
  "version": "3",
  "remote": {
    "https://cdn.skypack.dev/-/big.js@v5.2.2-sUR8fKsGHRxsJyqyvOSP/dist=es2019,mode=imports/optimized/bigjs.js": "b6d8e6af0c1f7bdc7e8cd0890819ecee2dcbb0776ec4089eae281de8ebd7b2bd",
    "https://cdn.skypack.dev/big.js@^5.2.2": "f74e8935c06af6664d64a5534d1d6db1ab66649df8164696117ab5a1cd10714e",
    "https://deno.land/std@0.133.0/_deno_unstable.ts": "23a1a36928f1b6d3b0170aaa67de09af12aa998525f608ff7331b9fb364cbde6",
    "https://deno.land/std@0.133.0/_util/assert.ts": "e94f2eb37cebd7f199952e242c77654e43333c1ac4c5c700e929ea3aa5489f74",
    "https://deno.land/std@0.133.0/_util/os.ts": "49b92edea1e82ba295ec946de8ffd956ed123e2948d9bd1d3e901b04e4307617",
    "https://deno.land/std@0.133.0/fs/_util.ts": "0fb24eb4bfebc2c194fb1afdb42b9c3dda12e368f43e8f2321f84fc77d42cb0f",
    "https://deno.land/std@0.133.0/fs/copy.ts": "9248d1492599957af8c693ceb10a432b09f0b0b61c60a4d6aff29b0c7d3a17b3",
    "https://deno.land/std@0.133.0/fs/empty_dir.ts": "7274d87160de34cbed0531e284df383045cf43543bbeadeb97feac598bd8f3c5",
    "https://deno.land/std@0.133.0/fs/ensure_dir.ts": "9dc109c27df4098b9fc12d949612ae5c9c7169507660dcf9ad90631833209d9d",
    "https://deno.land/std@0.133.0/fs/ensure_file.ts": "7d353e64fee3d4d1e7c6b6726a2a5e987ba402c15fb49566309042887349c545",
    "https://deno.land/std@0.133.0/fs/ensure_link.ts": "489e23df9fe3e6636048b5830ddf0f111eb29621eb85719255ad9bd645f3471b",
    "https://deno.land/std@0.133.0/fs/ensure_symlink.ts": "88dc83de1bc90ed883dd458c2d2eae3d5834a4617d12925734836e1f0803b274",
    "https://deno.land/std@0.133.0/fs/eol.ts": "b92f0b88036de507e7e6fbedbe8f666835ea9dcbf5ac85917fa1fadc919f83a5",
    "https://deno.land/std@0.133.0/fs/exists.ts": "cb734d872f8554ea40b8bff77ad33d4143c1187eac621a55bf37781a43c56f6d",
    "https://deno.land/std@0.133.0/fs/expand_glob.ts": "0c10130d67c9b02164b03df8e43c6d6defbf8e395cb69d09e84a8586e6d72ac3",
    "https://deno.land/std@0.133.0/fs/mod.ts": "4dc052c461c171abb5c25f6e0f218ab838a716230930b534ba351745864b7d6d",
    "https://deno.land/std@0.133.0/fs/move.ts": "0573cedcf583f09a9494f2dfccbf67de68a93629942d6b5e6e74a9e45d4e8a2e",
    "https://deno.land/std@0.133.0/fs/walk.ts": "117403ccd21fd322febe56ba06053b1ad5064c802170f19b1ea43214088fe95f",
    "https://deno.land/std@0.133.0/path/_constants.ts": "df1db3ffa6dd6d1252cc9617e5d72165cd2483df90e93833e13580687b6083c3",
    "https://deno.land/std@0.133.0/path/_interface.ts": "ee3b431a336b80cf445441109d089b70d87d5e248f4f90ff906820889ecf8d09",
    "https://deno.land/std@0.133.0/path/_util.ts": "c1e9686d0164e29f7d880b2158971d805b6e0efc3110d0b3e24e4b8af2190d2b",
    "https://deno.land/std@0.133.0/path/common.ts": "bee563630abd2d97f99d83c96c2fa0cca7cee103e8cb4e7699ec4d5db7bd2633",
    "https://deno.land/std@0.133.0/path/glob.ts": "cb5255638de1048973c3e69e420c77dc04f75755524cb3b2e160fe9277d939ee",
    "https://deno.land/std@0.133.0/path/mod.ts": "4275129bb766f0e475ecc5246aa35689eeade419d72a48355203f31802640be7",
    "https://deno.land/std@0.133.0/path/posix.ts": "663e4a6fe30a145f56aa41a22d95114c4c5582d8b57d2d7c9ed27ad2c47636bb",
    "https://deno.land/std@0.133.0/path/separator.ts": "fe1816cb765a8068afb3e8f13ad272351c85cbc739af56dacfc7d93d710fe0f9",
    "https://deno.land/std@0.133.0/path/win32.ts": "e7bdf63e8d9982b4d8a01ef5689425c93310ece950e517476e22af10f41a136e",
    "https://deno.land/std@0.162.0/_util/assert.ts": "e94f2eb37cebd7f199952e242c77654e43333c1ac4c5c700e929ea3aa5489f74",
    "https://deno.land/std@0.162.0/bytes/bytes_list.ts": "aba5e2369e77d426b10af1de0dcc4531acecec27f9b9056f4f7bfbf8ac147ab4",
    "https://deno.land/std@0.162.0/bytes/equals.ts": "3c3558c3ae85526f84510aa2b48ab2ad7bdd899e2e0f5b7a8ffc85acb3a6043a",
    "https://deno.land/std@0.162.0/bytes/mod.ts": "b2e342fd3669176a27a4e15061e9d588b89c1aaf5008ab71766e23669565d179",
    "https://deno.land/std@0.162.0/fmt/colors.ts": "9e36a716611dcd2e4865adea9c4bec916b5c60caad4cdcdc630d4974e6bb8bd4",
    "https://deno.land/std@0.162.0/io/buffer.ts": "fae02290f52301c4e0188670e730cd902f9307fb732d79c4aa14ebdc82497289",
    "https://deno.land/std@0.162.0/streams/conversion.ts": "555c6c249f3acf85655f2d0af52d1cb3168e40b1c1fa26beefea501b333abe28",
    "https://deno.land/std@0.192.0/_util/asserts.ts": "178dfc49a464aee693a7e285567b3d0b555dc805ff490505a8aae34f9cfb1462",
    "https://deno.land/std@0.192.0/console/_data.json": "cf2cc9d039a192b3adbfe64627167c7e6212704c888c25c769fc8f1709e1e1b8",
    "https://deno.land/std@0.192.0/console/_rle.ts": "2de0467f9eda70b1d688add47090774528b85aa1caa7ce866b4637ea7b046bcc",
    "https://deno.land/std@0.192.0/console/unicode_width.ts": "86ced742f92a12ab313e60e45201d076a4af5e9819728fdd358205e78e5d48e1",
    "https://deno.land/std@0.192.0/fmt/colors.ts": "d67e3cd9f472535241a8e410d33423980bec45047e343577554d3356e1f0ef4e",
    "https://deno.land/std@0.195.0/fmt/colors.ts": "a7eecffdf3d1d54db890723b303847b6e0a1ab4b528ba6958b8f2e754cf1b3bc",
    "https://deno.land/std@0.203.0/fs/exists.ts": "cb59a853d84871d87acab0e7936a4dac11282957f8e195102c5a7acb42546bb8",
    "https://deno.land/std@0.205.0/dotenv/mod.ts": "039468f5c87d39b69d7ca6c3d68ebca82f206ec0ff5e011d48205eea292ea5a6",
    "https://deno.land/std@0.52.0/fmt/colors.ts": "ec9d653672a9a3c7b6eafe53c5bc797364a2db2dcf766ab649c1155fea7a80b2",
    "https://deno.land/x/cliffy@v1.0.0-rc.2/_utils/distance.ts": "02af166952c7c358ac83beae397aa2fbca4ad630aecfcd38d92edb1ea429f004",
    "https://deno.land/x/cliffy@v1.0.0-rc.2/command/_argument_types.ts": "ab269dacea2030f865a07c2a1e953ec437a64419a05bad1f1ddaab3f99752ead",
    "https://deno.land/x/cliffy@v1.0.0-rc.2/command/_errors.ts": "12d513ff401020287a344e0830e1297ce1c80c077ecb91e0ac5db44d04a6019c",
    "https://deno.land/x/cliffy@v1.0.0-rc.2/command/_spread.ts": "0cc6eb70a6df97b5d7d26008822d39f3e8a1232ee0a27f395aa19e68de738245",
    "https://deno.land/x/cliffy@v1.0.0-rc.2/command/_type_utils.ts": "820004a59bc858e355b11f80e5b3ff1be2c87e66f31f53f253610170795602f0",
    "https://deno.land/x/cliffy@v1.0.0-rc.2/command/_utils.ts": "3c88ff4f36eba298beb07de08068fdce5e5cb7b9d82c8a319f09596d8279be64",
    "https://deno.land/x/cliffy@v1.0.0-rc.2/command/command.ts": "ae690745759524082776b7f271f66d5b93933170b1b132f888bd4ac12e9fdd7d",
    "https://deno.land/x/cliffy@v1.0.0-rc.2/command/completions/_bash_completions_generator.ts": "0c6cb1df4d378d22f001155781d97a9c3519fd10c48187a198fef2cc63b0f84a",
    "https://deno.land/x/cliffy@v1.0.0-rc.2/command/completions/_fish_completions_generator.ts": "8ba4455f7f76a756e05c3db4ce35332b2951af65a2891f2750b530e06880f495",
    "https://deno.land/x/cliffy@v1.0.0-rc.2/command/completions/_zsh_completions_generator.ts": "c74525feaf570fe8c14433c30d192622c25603f1fc64694ef69f2a218b41f230",
    "https://deno.land/x/cliffy@v1.0.0-rc.2/command/completions/bash.ts": "53fe78994eb2359110dc4fa79235bdd86800a38c1d6b1c4fe673c81756f3a0e2",
    "https://deno.land/x/cliffy@v1.0.0-rc.2/command/completions/complete.ts": "58df61caa5e6220ff2768636a69337923ad9d4b8c1932aeb27165081c4d07d8b",
    "https://deno.land/x/cliffy@v1.0.0-rc.2/command/completions/completions_command.ts": "506f97f1c6b0b1c3e9956e5069070028b818942310600d4157f64c9b644d3c49",
    "https://deno.land/x/cliffy@v1.0.0-rc.2/command/completions/fish.ts": "6f0b44b4067740b2931c9ec8863b6619b1d3410fea0c5a3988525a4c53059197",
    "https://deno.land/x/cliffy@v1.0.0-rc.2/command/completions/mod.ts": "8dda715ca25f3f66d5ec232b76d7c9a96dd4c64b5029feff91738cc0c9586fb1",
    "https://deno.land/x/cliffy@v1.0.0-rc.2/command/completions/zsh.ts": "f1263c3946975e090d4aadc8681db811d86b52a8ae680f246e03248025885c21",
    "https://deno.land/x/cliffy@v1.0.0-rc.2/command/deprecated.ts": "bbe6670f1d645b773d04b725b8b8e7814c862c9f1afba460c4d599ffe9d4983c",
    "https://deno.land/x/cliffy@v1.0.0-rc.2/command/deps.ts": "1ddefeb346702d54532314de731fde70123fc47e152269ea322261537ab23614",
    "https://deno.land/x/cliffy@v1.0.0-rc.2/command/help/_help_generator.ts": "532dd4a928baab8b45ce46bb6d20e2ebacfdf3da141ce9d12da796652b1de478",
    "https://deno.land/x/cliffy@v1.0.0-rc.2/command/help/help_command.ts": "fbbf0c0827dd21d3cec7bcc68c00c20b55f53e2b621032891b9d23ac4191231c",
    "https://deno.land/x/cliffy@v1.0.0-rc.2/command/help/mod.ts": "8369b292761dcc9ddaf41f2d34bfb06fb6800b69efe80da4fc9752c3b890275b",
    "https://deno.land/x/cliffy@v1.0.0-rc.2/command/mod.ts": "4b708df1b97152522bee0e3828f06abbbc1d2250168910e5cf454950d7b7404b",
    "https://deno.land/x/cliffy@v1.0.0-rc.2/command/type.ts": "f588f5d9635b79100044e62aced4b00e510e75b83801f9b089c40c2d98674de2",
    "https://deno.land/x/cliffy@v1.0.0-rc.2/command/types.ts": "bc9ff7459b9cc1079eeb95ff101690a51b4b4afa4af5623340076ee361d08dbb",
    "https://deno.land/x/cliffy@v1.0.0-rc.2/command/types/action_list.ts": "33c98d449617c7a563a535c9ceb3741bde9f6363353fd492f90a74570c611c27",
    "https://deno.land/x/cliffy@v1.0.0-rc.2/command/types/boolean.ts": "3879ec16092b4b5b1a0acb8675f8c9250c0b8a972e1e4c7adfba8335bd2263ed",
    "https://deno.land/x/cliffy@v1.0.0-rc.2/command/types/child_command.ts": "f1fca390c7fbfa7a713ca15ef55c2c7656bcbb394d50e8ef54085bdf6dc22559",
    "https://deno.land/x/cliffy@v1.0.0-rc.2/command/types/command.ts": "325d0382e383b725fd8d0ef34ebaeae082c5b76a1f6f2e843fee5dbb1a4fe3ac",
    "https://deno.land/x/cliffy@v1.0.0-rc.2/command/types/enum.ts": "8a7cd2898e03089234083bb78c8b1d9b7172254c53c32d4710321638165a48ec",
    "https://deno.land/x/cliffy@v1.0.0-rc.2/command/types/file.ts": "8618f16ac9015c8589cbd946b3de1988cc4899b90ea251f3325c93c46745140e",
    "https://deno.land/x/cliffy@v1.0.0-rc.2/command/types/integer.ts": "29864725fd48738579d18123d7ee78fed37515e6dc62146c7544c98a82f1778d",
    "https://deno.land/x/cliffy@v1.0.0-rc.2/command/types/number.ts": "aeba96e6f470309317a16b308c82e0e4138a830ec79c9877e4622c682012bc1f",
    "https://deno.land/x/cliffy@v1.0.0-rc.2/command/types/string.ts": "e4dadb08a11795474871c7967beab954593813bb53d9f69ea5f9b734e43dc0e0",
    "https://deno.land/x/cliffy@v1.0.0-rc.2/command/upgrade/_check_version.ts": "6cfa7dc26bc0dc46381500e8d4b130fb224f4c5456152dada15bd3793edca89b",
    "https://deno.land/x/cliffy@v1.0.0-rc.2/command/upgrade/mod.ts": "4eff69c489467be17dea27fb95a795396111ee385d170ac0cbcc82f0ea38156c",
    "https://deno.land/x/cliffy@v1.0.0-rc.2/command/upgrade/provider.ts": "c23253334097dc4b8a147ccdeb3aa44f5a95aa953a6386cb5396f830d95d77a5",
    "https://deno.land/x/cliffy@v1.0.0-rc.2/command/upgrade/provider/deno_land.ts": "24f8d82e38c51e09be989f30f8ad21f9dd41ac1bb1973b443a13883e8ba06d6d",
    "https://deno.land/x/cliffy@v1.0.0-rc.2/command/upgrade/provider/github.ts": "99e1b133dd446c6aa79f69e69c46eb8bc1c968dd331c2a7d4064514a317c7b59",
    "https://deno.land/x/cliffy@v1.0.0-rc.2/command/upgrade/provider/nest_land.ts": "0e07936cea04fa41ac9297f32d87f39152ea873970c54cb5b4934b12fee1885e",
    "https://deno.land/x/cliffy@v1.0.0-rc.2/command/upgrade/upgrade_command.ts": "3640a287d914190241ea1e636774b1b4b0e1828fa75119971dd5304784061e05",
    "https://deno.land/x/cliffy@v1.0.0-rc.2/flags/_errors.ts": "f1fbb6bfa009e7950508c9d491cfb4a5551027d9f453389606adb3f2327d048f",
    "https://deno.land/x/cliffy@v1.0.0-rc.2/flags/_utils.ts": "340d3ecab43cde9489187e1f176504d2c58485df6652d1cdd907c0e9c3ce4cc2",
    "https://deno.land/x/cliffy@v1.0.0-rc.2/flags/_validate_flags.ts": "e60b9038c0136ab7e6bd1baf0e993a07bf23f18afbfb6e12c59adf665a622957",
    "https://deno.land/x/cliffy@v1.0.0-rc.2/flags/deprecated.ts": "a72a35de3cc7314e5ebea605ca23d08385b218ef171c32a3f135fb4318b08126",
    "https://deno.land/x/cliffy@v1.0.0-rc.2/flags/flags.ts": "3e62c4a9756b5705aada29e7e94847001356b3a83cd18ad56f4207387a71cf51",
    "https://deno.land/x/cliffy@v1.0.0-rc.2/flags/types.ts": "9e2f75edff2217d972fc711a21676a59dfd88378da2f1ace440ea84c07db1dcc",
    "https://deno.land/x/cliffy@v1.0.0-rc.2/flags/types/boolean.ts": "4c026dd66ec9c5436860dc6d0241427bdb8d8e07337ad71b33c08193428a2236",
    "https://deno.land/x/cliffy@v1.0.0-rc.2/flags/types/integer.ts": "b60d4d590f309ddddf066782d43e4dc3799f0e7d08e5ede7dc62a5ee94b9a6d9",
    "https://deno.land/x/cliffy@v1.0.0-rc.2/flags/types/number.ts": "610936e2d29de7c8c304b65489a75ebae17b005c6122c24e791fbed12444d51e",
    "https://deno.land/x/cliffy@v1.0.0-rc.2/flags/types/string.ts": "e89b6a5ce322f65a894edecdc48b44956ec246a1d881f03e97bbda90dd8638c5",
    "https://deno.land/x/cliffy@v1.0.0-rc.2/table/_layout.ts": "e4a518da28333de95ad791208b9930025987c8b93d5f8b7f30b377b3e26b24e1",
    "https://deno.land/x/cliffy@v1.0.0-rc.2/table/_utils.ts": "fd48d1a524a42e72aa3ad2eec858a92f5a00728d306c7e8436fba6c34314fee6",
    "https://deno.land/x/cliffy@v1.0.0-rc.2/table/border.ts": "5c6e9ef5078c6930169aacb668b274bdbb498461c724a7693ac9270fe9d3f5d5",
    "https://deno.land/x/cliffy@v1.0.0-rc.2/table/cell.ts": "1ffabd43b6b7fddfac9625cb0d015532e144702a9bfed03b358b79375115d06b",
    "https://deno.land/x/cliffy@v1.0.0-rc.2/table/column.ts": "cf14009f2cb14bad156f879946186c1893acdc6a2fee6845db152edddb6a2714",
    "https://deno.land/x/cliffy@v1.0.0-rc.2/table/consume_words.ts": "456e75755fdf6966abdefb8b783df2855e2a8bad6ddbdf21bd748547c5fc1d4b",
    "https://deno.land/x/cliffy@v1.0.0-rc.2/table/deps.ts": "6493ba75cbe219ef74de1d1a1cf1ed72cdcb09d3eee240a16ff5fd9bb069b816",
    "https://deno.land/x/cliffy@v1.0.0-rc.2/table/row.ts": "79eb1468aafdd951e5963898cdafe0752d4ab4c519d5f847f3d8ecb8fe857d4f",
    "https://deno.land/x/cliffy@v1.0.0-rc.2/table/table.ts": "298671e72e61f1ab18b42ae36643181993f79e29b39dc411fdc6ffd53aa04684",
    "https://deno.land/x/downstream@0.3.3/deps/_math.std.ts": "740e94815205b4e7b64a7e68997a108afca1f814be5cea03c8c3dce4f490067b",
    "https://deno.land/x/downstream@0.3.3/deps/_progressbar.ts": "a0f4ebdd1808c798353bf79959d7ad0684bc9aa5c843537a4efd32549c5be141",
    "https://deno.land/x/downstream@0.3.3/deps/rx_webstreams.ts": "2d17122abe303ad256b953b51f64ee5d1491632f37691e88e38d5374ab17951f",
    "https://deno.land/x/downstream@0.3.3/deps/sleep.ts": "abb5519310d47bf70371dcc07e93900f7e41f206b536546ccf0664f2a498de9f",
    "https://deno.land/x/downstream@0.3.3/lib/downstream.ts": "ee702753f79e9a95b781423cb4fc83d78dcdfbf3ff5a22f415ecadaa86099890",
    "https://deno.land/x/downstream@0.3.3/lib/progressTransformer.ts": "dd2eebd0824b3b427027b73156ca684e197a26b71fb8ea2a3818134a3a2c710c",
    "https://deno.land/x/downstream@0.3.3/lib/streamAdapters/MultiProgressCliRenderer.ts": "40d5c002974704b6340aeca1e3097e8e85bf2f1201d1ad1fe6efac81c4240566",
    "https://deno.land/x/downstream@0.3.3/lib/streamAdapters/simpleProgressCliRenderer.ts": "2c5a22e2255022a75f5e0dde410c5fb59e5088c9c63df934e84935ff70034431",
    "https://deno.land/x/downstream@0.3.3/mod.ts": "ee42783f9b1ac3294aa8d33d48f88e110e3454e92d276c96979695236c9bc86b",
    "https://deno.land/x/fluentci@v0.2.0/init.ts": "80a9c58ce67e4ed5ed80c7008427c5c63cf5e5249a9dcbcb60420a3a337e04da",
    "https://deno.land/x/fluentci@v0.2.0/main.ts": "033facb7b3b88c7fa0197c97158ccb86a2399f42738c948e9b96fb85e9c2ec18",
    "https://deno.land/x/fluentci@v0.2.0/run.ts": "9222bb9fdc2b772bf3092245aeca80c879f5e1dc99f1390ba0a84268ced74679",
    "https://deno.land/x/fluentci@v0.2.0/search.ts": "afcf25047c30e636617e748cf6787350677d34f4c0338c667e44cd8eaea0896b",
    "https://deno.land/x/fluentci@v0.3.2/run.ts": "86c42c8ac760e110979985c68b06483d6d95e7cf033b602dc81f7616e19a6f16",
    "https://deno.land/x/graphql_deno@v15.0.0/lib/error/GraphQLError.js": "18adbba7aa651770e0876d0c7df4e6e2ab647a9f09d4b5c107c57d6fa157be9d",
    "https://deno.land/x/graphql_deno@v15.0.0/lib/error/formatError.js": "aec87433c501df6d6272b64974e8edf53b2ed192e66782b827328d635ed55df8",
    "https://deno.land/x/graphql_deno@v15.0.0/lib/error/index.js": "7557dcea8830550f82dd7b1984fdc216e14327d094f501bd2a03f80bf609a768",
    "https://deno.land/x/graphql_deno@v15.0.0/lib/error/locatedError.js": "65ad5e9246747d2b63cd2ea48fa22db617e1c7c2b796a27b8ce32bfb0f2a401c",
    "https://deno.land/x/graphql_deno@v15.0.0/lib/error/syntaxError.js": "9c53411030cf5f4e874e9d1c1926f242e4acc4b469197b395ae1a9a7a9092055",
    "https://deno.land/x/graphql_deno@v15.0.0/lib/execution/execute.js": "2d3114e49268a50195195039cc14629b0fe3dff7afeafed9876f1532a95ed4e7",
    "https://deno.land/x/graphql_deno@v15.0.0/lib/execution/index.js": "064615af63e0da1584c557ce130b3ca42acab750289a085ebcc3107aa024ce52",
    "https://deno.land/x/graphql_deno@v15.0.0/lib/execution/values.js": "e9a42ff1593db210a47504eebcc145f70f8d97cfe53c4cce345116bb420fbf95",
    "https://deno.land/x/graphql_deno@v15.0.0/lib/graphql.js": "c34b19e78a57ad0a0ac9b39ec2766ab755b23e61ea08edf124dda1d60104ae54",
    "https://deno.land/x/graphql_deno@v15.0.0/lib/index.js": "ab428112340017d5b1f74e62f958cf0c50c17b664a33be53974ab8738a531c1c",
    "https://deno.land/x/graphql_deno@v15.0.0/lib/jsutils/Path.js": "28322158c8208f92d376969de58c30ea393aada1beb44223d40584d8d89285c0",
    "https://deno.land/x/graphql_deno@v15.0.0/lib/jsutils/defineToJSON.js": "5423bbfe56faf7c3b0cda65b515c7fcc0e111bef46da9f76fed93eaba1859149",
    "https://deno.land/x/graphql_deno@v15.0.0/lib/jsutils/devAssert.js": "7493987e163c294b31f354091b6ca5e87849a132aa3aad8e3c173ac008c8e970",
    "https://deno.land/x/graphql_deno@v15.0.0/lib/jsutils/didYouMean.js": "9b83a8fe7bdd5b02012c097de14a0fe08a5e33662624ce55eb0019f46067b974",
    "https://deno.land/x/graphql_deno@v15.0.0/lib/jsutils/identityFunc.js": "204f973b6a5fc6f60ea62641e58eed254f0bb7d76b2b05e9c0bae54dc7cd324a",
    "https://deno.land/x/graphql_deno@v15.0.0/lib/jsutils/inspect.js": "bb756ad067f23b137b63bb2dabc4e50b070255da2ff10068d9f0a174dd5f3aae",
    "https://deno.land/x/graphql_deno@v15.0.0/lib/jsutils/instanceOf.js": "c2940e2f0c71ed73390ab03ceb04484c40a4f5f28973709702c8279b1b6f96cd",
    "https://deno.land/x/graphql_deno@v15.0.0/lib/jsutils/invariant.js": "b8d3e8438abe0ec591fdc3a3f0f9c2d7750925738ee146ba7a18173a8f2dc1cb",
    "https://deno.land/x/graphql_deno@v15.0.0/lib/jsutils/isCollection.js": "42ffc930d5982ec031b4a7f29db9fd7f3a9e488ca0ceb73183a51a67ad146e2b",
    "https://deno.land/x/graphql_deno@v15.0.0/lib/jsutils/isObjectLike.js": "96403248d91ae55fa67ce81d339bec098aa51e5fc7132eae3f8dcce91ac340ce",
    "https://deno.land/x/graphql_deno@v15.0.0/lib/jsutils/isPromise.js": "dbe9979b7d4ffd920d8a608a9ce7127b943b130822cd907d78b9e56e66843509",
    "https://deno.land/x/graphql_deno@v15.0.0/lib/jsutils/keyMap.js": "4e54790d45a13998d198b0b7b1bc20ae17259e8131c29821d67e64b96dcb249e",
    "https://deno.land/x/graphql_deno@v15.0.0/lib/jsutils/keyValMap.js": "515ebb0c4be9c26f8fa38b7e0db4f2ebf96057196a8fcd52078046f05bf4e4e0",
    "https://deno.land/x/graphql_deno@v15.0.0/lib/jsutils/mapValue.js": "5df0be208d71e372a693ef305287a8f041b061a293cff030aa10bef4c2735981",
    "https://deno.land/x/graphql_deno@v15.0.0/lib/jsutils/memoize3.js": "4212fbf3f75fc8625a8312b18e0b2907efaf9cf6b8131c78a731a707ba638c74",
    "https://deno.land/x/graphql_deno@v15.0.0/lib/jsutils/nodejsCustomInspectSymbol.js": "eb85744be5bab6c4511556b095198b45259b2c020ff2f88f3b04197acc9feb01",
    "https://deno.land/x/graphql_deno@v15.0.0/lib/jsutils/printPathArray.js": "15110572999ddb82bcde2e42a35092d18fa601f5b8312e5823bd43d48f9b773f",
    "https://deno.land/x/graphql_deno@v15.0.0/lib/jsutils/promiseForObject.js": "b82720027d9bf3b81f302baa8d72f80b5d04f2069ebb538875f22993be83ee11",
    "https://deno.land/x/graphql_deno@v15.0.0/lib/jsutils/promiseReduce.js": "178a7c704a3c124a68a60aa71f29fb078268e403dab310b41937d10f5bb55e01",
    "https://deno.land/x/graphql_deno@v15.0.0/lib/jsutils/suggestionList.js": "4504e10e0e9b230cd697ebcf1ffae9b2ae420db2927a44dfbab452558e2f4b4a",
    "https://deno.land/x/graphql_deno@v15.0.0/lib/jsutils/toObjMap.js": "482c18508c808bca6a8e657ab7e3dfacadbf9f78603ce452700199d02f1b9d32",
    "https://deno.land/x/graphql_deno@v15.0.0/lib/language/ast.js": "faa944fc543e4997c82302a6230c190eaf72bfcca1b8db3b29502826bdf9e9bb",
    "https://deno.land/x/graphql_deno@v15.0.0/lib/language/blockString.js": "413ad9886dee36a96875cea8bbb51763b1ab8f1c3e82b8468330e8a5ca877852",
    "https://deno.land/x/graphql_deno@v15.0.0/lib/language/directiveLocation.js": "8500c3878eafe0142f1b1255a998e76b20d3f859d9016ef9f7252878926dfdd8",
    "https://deno.land/x/graphql_deno@v15.0.0/lib/language/index.js": "9289b05fbe173c54e727465996239a3bce6057fb727677ca44af37d60409480d",
    "https://deno.land/x/graphql_deno@v15.0.0/lib/language/kinds.js": "7bdebb8110e7345fe6c14f255225d7c9b5448fb2dd53ea91d035a4b2e1e8f72b",
    "https://deno.land/x/graphql_deno@v15.0.0/lib/language/lexer.js": "68bf4d832a8d1b4af3a0432ad308bc6f3ffbf60eb1c4e786503b30aff7e17564",
    "https://deno.land/x/graphql_deno@v15.0.0/lib/language/location.js": "9994a20bee8d97ff69781b35477f596a3e6bee9ac1d914340e435bc0298922ee",
    "https://deno.land/x/graphql_deno@v15.0.0/lib/language/parser.js": "53af901714fda7e62137fe2fe9eccecb4945a8648cffbb93ace439a0e445f05e",
    "https://deno.land/x/graphql_deno@v15.0.0/lib/language/predicates.js": "cfd7e10b724590b618f67845ce1d1ca712b7da5943622b40881e7653f5557ab7",
    "https://deno.land/x/graphql_deno@v15.0.0/lib/language/printLocation.js": "26b21c32abaee20e11a072984c381384dd5645be50bcbbdb59bac435490a60e9",
    "https://deno.land/x/graphql_deno@v15.0.0/lib/language/printer.js": "a2da61f578725d78182fadfdc0ce809c30ed7d6b8369b98b1606b68b0e949b39",
    "https://deno.land/x/graphql_deno@v15.0.0/lib/language/source.js": "e2a870f2446abf092996453d87f98214f12898e83980b76706cc8160993f16a8",
    "https://deno.land/x/graphql_deno@v15.0.0/lib/language/tokenKind.js": "ad57e9dddaca5336e49a715b710c8142d9ff963270f3d4d6b63348a482922a74",
    "https://deno.land/x/graphql_deno@v15.0.0/lib/language/visitor.js": "47b0a0f0d2f1e1edbf18a4b26861d371c41c0bfebf7c3f9ccb2e423663184dcd",
    "https://deno.land/x/graphql_deno@v15.0.0/lib/polyfills/arrayFrom.js": "b57194d34b98ac5926ae83e0a83e884d63ee9ec2d2ae3e846f1783cb26f6dbf8",
    "https://deno.land/x/graphql_deno@v15.0.0/lib/polyfills/find.js": "30ebdb4e2cd0ed5b0e3e4a00877f2bd2ac62de6d70a4c63152021fe724e41911",
    "https://deno.land/x/graphql_deno@v15.0.0/lib/polyfills/flatMap.js": "29d62564cd9745536e366e09b7f6cbe8860d8423c00ca253ae6cbfba839f2fc6",
    "https://deno.land/x/graphql_deno@v15.0.0/lib/polyfills/isFinite.js": "231e2d149aa58e8288b6cf86f588a1597f3f8d432928a17af9c348b48bd8ddde",
    "https://deno.land/x/graphql_deno@v15.0.0/lib/polyfills/isInteger.js": "0b68164ae12c46b16e439a5384af0c8c395f5c941e0f03fb71ee2ee9cb45fae6",
    "https://deno.land/x/graphql_deno@v15.0.0/lib/polyfills/objectEntries.js": "c261873f15f88ecb1497427844a9afc541168a92b7d75d69446732a0d381c819",
    "https://deno.land/x/graphql_deno@v15.0.0/lib/polyfills/objectValues.js": "7c3ed07793a1685cf018fa028275ff556213ba953c43dd2410bb549a86ee801b",
    "https://deno.land/x/graphql_deno@v15.0.0/lib/polyfills/symbols.js": "bbe907378637a4264484590815d80563cfbd8a8a5f396ac9d2be4107658e5bf7",
    "https://deno.land/x/graphql_deno@v15.0.0/lib/subscription/index.js": "3c2e03b8225f66a541d870fb6729ad2e3afbd923a0d07713a087c22d134097b3",
    "https://deno.land/x/graphql_deno@v15.0.0/lib/subscription/mapAsyncIterator.js": "ff581dcfccf8aeedfefe1c42a8f01c7898c1a2b093e5f6fb4d2e62b2f83ab8c8",
    "https://deno.land/x/graphql_deno@v15.0.0/lib/subscription/subscribe.js": "f4d316d4f7e3e60cc3f9f8371e6122396653ff1836a27d44a3e8bf1cfa3d5def",
    "https://deno.land/x/graphql_deno@v15.0.0/lib/type/definition.js": "94ef1069f5e034f9dc34ca7f25370fe81a58365acbb6e932ab9e0db92efe8287",
    "https://deno.land/x/graphql_deno@v15.0.0/lib/type/directives.js": "d4614736de1997413a4970b73865c99d3b01922eda3de1e587c27c25c24e8892",
    "https://deno.land/x/graphql_deno@v15.0.0/lib/type/index.js": "4a7d837f30c56cf3074ee527f4b9388d160ad20cd545d4fdebac500acdf102b0",
    "https://deno.land/x/graphql_deno@v15.0.0/lib/type/introspection.js": "c63b4c5a578d76f8d159837ce531e1193dd3a2629148aedb895b511141303afd",
    "https://deno.land/x/graphql_deno@v15.0.0/lib/type/scalars.js": "d447913dbdcaaa32f2eaa5d86bd39b5342bfcf78d9ddd6b2173ad717ae7fa734",
    "https://deno.land/x/graphql_deno@v15.0.0/lib/type/schema.js": "1c92f80cc2c1f0a14a5b3fcb13d55f215f14e1b2bb7b92c2674ede22f969f033",
    "https://deno.land/x/graphql_deno@v15.0.0/lib/type/validate.js": "f8300538e4327b46959ff83a7dabd55e42148ef07fa66c79f72b308a46cfd369",
    "https://deno.land/x/graphql_deno@v15.0.0/lib/utilities/TypeInfo.js": "03276253d0ab3d4947f7bf63ca4ccc4fe0073f73063952103530f8193a98e546",
    "https://deno.land/x/graphql_deno@v15.0.0/lib/utilities/assertValidName.js": "d6b44f4dddcc50ebe92c7cb9b94ecc9b27627994b3c156ce63d33279c7f7d0e4",
    "https://deno.land/x/graphql_deno@v15.0.0/lib/utilities/astFromValue.js": "d460204b065b8e1036e215faa9a617a20c268e687ed424208dabc5cd5f40f2d1",
    "https://deno.land/x/graphql_deno@v15.0.0/lib/utilities/buildASTSchema.js": "d4aeade98d0a1bc6ffdc160fdc78e9edf22a9efdc550cdc6121d1c83ff1e6c84",
    "https://deno.land/x/graphql_deno@v15.0.0/lib/utilities/buildClientSchema.js": "1ac64f6aacdf57e9b552a0c45e7176c988c0d97310f646d7d048899524856d3a",
    "https://deno.land/x/graphql_deno@v15.0.0/lib/utilities/coerceInputValue.js": "ee59bf0ed0857af92c4f40a309365fd57770821b3c788b6b13d0d1051ffec0da",
    "https://deno.land/x/graphql_deno@v15.0.0/lib/utilities/concatAST.js": "bf410b42f7aa015ff0cd938623894906ac19329d9cd9a2298cf97de7cb01442a",
    "https://deno.land/x/graphql_deno@v15.0.0/lib/utilities/extendSchema.js": "802fbd291d21cfa97c1ebea4fa6528ac6cddbbcc27c169942c975ce708a9f295",
    "https://deno.land/x/graphql_deno@v15.0.0/lib/utilities/findBreakingChanges.js": "2c8dfd8acf617e5d8a96e389ba6bccb0845fc4470f680957a1ca64514337574a",
    "https://deno.land/x/graphql_deno@v15.0.0/lib/utilities/findDeprecatedUsages.js": "5a5366e6ed3c99e16d73b1235ee9062ac10d3ec16afafc4d6c4f635cc12370f6",
    "https://deno.land/x/graphql_deno@v15.0.0/lib/utilities/getIntrospectionQuery.js": "81125e8afec11871bf532dff9dd523016292c5a57f84d0c04a142a6704ba1572",
    "https://deno.land/x/graphql_deno@v15.0.0/lib/utilities/getOperationAST.js": "5fef27e56f708c5336a78e611f08627122a6673d10ea1db6f5466c6f984ad9a2",
    "https://deno.land/x/graphql_deno@v15.0.0/lib/utilities/getOperationRootType.js": "58addddae7feabecce40191d836f7e65a9478cf0d9df6c360c4c30e6f5f6f09c",
    "https://deno.land/x/graphql_deno@v15.0.0/lib/utilities/index.js": "d0e34dcf95627362527e93e7eaa970caee63b40ed04ff1da320b6426484c8278",
    "https://deno.land/x/graphql_deno@v15.0.0/lib/utilities/introspectionFromSchema.js": "50a2202f28b25e98bc496f151de8fc6b2feeb81bab9739fee97f66ac30ef8652",
    "https://deno.land/x/graphql_deno@v15.0.0/lib/utilities/lexicographicSortSchema.js": "ad2b935289966fc75700a3b511b86e79130d505399b0c2de052e9915624e2c2a",
    "https://deno.land/x/graphql_deno@v15.0.0/lib/utilities/printSchema.js": "104a4666bf3e745ad1fbd30c227d3e06902a2b255c95e29183dcd6d98fad76be",
    "https://deno.land/x/graphql_deno@v15.0.0/lib/utilities/separateOperations.js": "ac7e7789fddc0fcf2b439897fce86601a16c6d3f4e20b7f6837278bcf1c36a56",
    "https://deno.land/x/graphql_deno@v15.0.0/lib/utilities/stripIgnoredCharacters.js": "be44c652bfa218b18e5d4387a068d2e431d75e770ddc38ced6eb95a0b8854eab",
    "https://deno.land/x/graphql_deno@v15.0.0/lib/utilities/typeComparators.js": "dcda7fffeaf3999bfd993a4faac36547dace3ec3f78d7686f4334f86a6c3aec0",
    "https://deno.land/x/graphql_deno@v15.0.0/lib/utilities/typeFromAST.js": "99cd615599626259b8e2b9974e22bf8beb495f541b20d78f4a01d48de2f97942",
    "https://deno.land/x/graphql_deno@v15.0.0/lib/utilities/valueFromAST.js": "26098b7e5074d408f877f8b4566e6183cd77f076ee2e3f1413e53c4677e150ce",
    "https://deno.land/x/graphql_deno@v15.0.0/lib/utilities/valueFromASTUntyped.js": "9db575f95392635bb02dc417d920e9ae6552b2fa871b19e94ad0cc9ceb83c892",
    "https://deno.land/x/graphql_deno@v15.0.0/lib/validation/ValidationContext.js": "52808fc712f4ef50f79edcb30cb907721e449b55c54225551d2ad09660351dba",
    "https://deno.land/x/graphql_deno@v15.0.0/lib/validation/index.js": "1b91224c90bae4b49c6b8227c190c34cb3600433423c257a672801e12910c06d",
    "https://deno.land/x/graphql_deno@v15.0.0/lib/validation/rules/ExecutableDefinitionsRule.js": "f94c0c866335d1c249d08efa55da0dd6e5954844fa7851b6a0d6b3cd86383819",
    "https://deno.land/x/graphql_deno@v15.0.0/lib/validation/rules/FieldsOnCorrectTypeRule.js": "587eb8a9e7376e58ea6a0bbb12585ca45621a0be102dc7e6c641adee9652e91d",
    "https://deno.land/x/graphql_deno@v15.0.0/lib/validation/rules/FragmentsOnCompositeTypesRule.js": "6a6172831b4e7e6431af810505e23bdf82b7f46d92cfe719226c549a36a75b92",
    "https://deno.land/x/graphql_deno@v15.0.0/lib/validation/rules/KnownArgumentNamesRule.js": "2ab0571f6a6b9c5486b76a09955efde97ef3ff7e9cc06ecfcec8e1f830b8e79b",
    "https://deno.land/x/graphql_deno@v15.0.0/lib/validation/rules/KnownDirectivesRule.js": "57f4c9df617702d3695c3010f6822641b4c7343c65a4873bab6b29c911424e2c",
    "https://deno.land/x/graphql_deno@v15.0.0/lib/validation/rules/KnownFragmentNamesRule.js": "24273c31aa208652113a2e635853c336227a2756fc642ece6e977bd9c4ccb094",
    "https://deno.land/x/graphql_deno@v15.0.0/lib/validation/rules/KnownTypeNamesRule.js": "b600453083f32688c43f2225399439b4f6312903397572b947ea4fc80ac17b52",
    "https://deno.land/x/graphql_deno@v15.0.0/lib/validation/rules/LoneAnonymousOperationRule.js": "ec860c3ce338509b1e407c5cea36aa6e97e34ed207e5cdf719d6f7fa4026398c",
    "https://deno.land/x/graphql_deno@v15.0.0/lib/validation/rules/LoneSchemaDefinitionRule.js": "d3e40186003d89bd45c751156a6df69af6970beb5493c891cd79e1eaab734968",
    "https://deno.land/x/graphql_deno@v15.0.0/lib/validation/rules/NoFragmentCyclesRule.js": "1445f37ad14819d117371c70acdc725459d89b9a8773dd2c15e131f5d71b92ac",
    "https://deno.land/x/graphql_deno@v15.0.0/lib/validation/rules/NoUndefinedVariablesRule.js": "7aaf4409398526fef667fa6cede56b60824166409247b62c2f74b2c4a1ea5497",
    "https://deno.land/x/graphql_deno@v15.0.0/lib/validation/rules/NoUnusedFragmentsRule.js": "9d1c9b11d6287f077cff8661c704f9aa0fdf53de0b4894c4e7fe29597a32a704",
    "https://deno.land/x/graphql_deno@v15.0.0/lib/validation/rules/NoUnusedVariablesRule.js": "8d477bdbc19eb02556e7899b97b147511ccb69777ae29136c12e2f49d6c7a264",
    "https://deno.land/x/graphql_deno@v15.0.0/lib/validation/rules/OverlappingFieldsCanBeMergedRule.js": "5f74a4c076f8c18ce6371bfda2d213c4461655f830fb506569a1cc71faa56e96",
    "https://deno.land/x/graphql_deno@v15.0.0/lib/validation/rules/PossibleFragmentSpreadsRule.js": "0bf927e91d4103c630ef3a10b586586ababb1412874917fed1b5b908d40bc54b",
    "https://deno.land/x/graphql_deno@v15.0.0/lib/validation/rules/PossibleTypeExtensionsRule.js": "2c1f8a1371656ff8c992d0e4df5500ecb36475286b5f131d9a880018baf00c73",
    "https://deno.land/x/graphql_deno@v15.0.0/lib/validation/rules/ProvidedRequiredArgumentsRule.js": "03d3af937d5e08c544a10911770f0660ed6eb18d2b8877acc677aac90583f86e",
    "https://deno.land/x/graphql_deno@v15.0.0/lib/validation/rules/ScalarLeafsRule.js": "374bba26d4e9e085560ef20179604955ae191e7c68c85f2f1905fb68686bc079",
    "https://deno.land/x/graphql_deno@v15.0.0/lib/validation/rules/SingleFieldSubscriptionsRule.js": "8a748eb20d1b21fee38aaeae7b368893f113b5b35bbd0fd94c22df072d23e0be",
    "https://deno.land/x/graphql_deno@v15.0.0/lib/validation/rules/UniqueArgumentNamesRule.js": "fe7fafd8d4a5efe66f0d690ef868f55f46c78512cf98abc1bd6ab4c175b86d79",
    "https://deno.land/x/graphql_deno@v15.0.0/lib/validation/rules/UniqueDirectiveNamesRule.js": "6664f72231dfa4fa4337ffeed4868a95e91970825bd45f77d7d4f92bcb49bb50",
    "https://deno.land/x/graphql_deno@v15.0.0/lib/validation/rules/UniqueDirectivesPerLocationRule.js": "0aedfb8194bd8630b84e344a8ff0f6572bb169ad290a18c8391000324c4d8a03",
    "https://deno.land/x/graphql_deno@v15.0.0/lib/validation/rules/UniqueEnumValueNamesRule.js": "fbfec070d1c6ca58514f0e459b7dc5c8fe505d81bd1323509802d65db1463272",
    "https://deno.land/x/graphql_deno@v15.0.0/lib/validation/rules/UniqueFieldDefinitionNamesRule.js": "3da7356eaaf7ae41bf5b86c7c55c4049b962bd9d5339252a90cc46538714b694",
    "https://deno.land/x/graphql_deno@v15.0.0/lib/validation/rules/UniqueFragmentNamesRule.js": "523f0dfeb1ab059bd396d240376e3b602d32405826dd53d8b2e575aaebd7c055",
    "https://deno.land/x/graphql_deno@v15.0.0/lib/validation/rules/UniqueInputFieldNamesRule.js": "433e878697932b4b5cd82dc9282f10650d568360afcd68a6130b9a54ef21e7f1",
    "https://deno.land/x/graphql_deno@v15.0.0/lib/validation/rules/UniqueOperationNamesRule.js": "1de59fc010ff56ef74c856d23f949c523de78f299e9aa7c6d882f1f49959e3be",
    "https://deno.land/x/graphql_deno@v15.0.0/lib/validation/rules/UniqueOperationTypesRule.js": "2faa2b9c0e9c0197f053162e1356dbfa819e02f0c294271873576ac4ea5786fc",
    "https://deno.land/x/graphql_deno@v15.0.0/lib/validation/rules/UniqueTypeNamesRule.js": "d01564b48843b9a316b314f1f9079a25d381bbe02bb47bc47dca0a144fdb596f",
    "https://deno.land/x/graphql_deno@v15.0.0/lib/validation/rules/UniqueVariableNamesRule.js": "5522d2278b64aaf70c30d0dc5e37f70bdbde0201bd6c06c136e0d9d50b0a3c4a",
    "https://deno.land/x/graphql_deno@v15.0.0/lib/validation/rules/ValuesOfCorrectTypeRule.js": "f50002aac89fa875cfb594c7696d0d6eaa8ad39d699e3d0550cda34799797faa",
    "https://deno.land/x/graphql_deno@v15.0.0/lib/validation/rules/VariablesAreInputTypesRule.js": "13337bf58985546627c8060c3ff1201dd21bb6d67e5293819ad0eefa8196a144",
    "https://deno.land/x/graphql_deno@v15.0.0/lib/validation/rules/VariablesInAllowedPositionRule.js": "3032c0af7f9287cb10230685807e1460f12775e24ac76f88496769ad0acc43f0",
    "https://deno.land/x/graphql_deno@v15.0.0/lib/validation/specifiedRules.js": "0e2f6954eb79701a15731f528209a5616ee028133cbf7d4fbecb4e88ac5028c5",
    "https://deno.land/x/graphql_deno@v15.0.0/lib/validation/validate.js": "44bf2bc96845af0bf77e4421f0a05ee57cdc2a688abb32ff6270eacc501327d1",
    "https://deno.land/x/graphql_deno@v15.0.0/lib/version.js": "a135d0beee3fa1405733453e86f1c887e4771d56357504dd78eaa872c0a2b482",
    "https://deno.land/x/graphql_deno@v15.0.0/mod.ts": "c85d6ab2a9c22ff494bfaa5f662507249650419af6c6c27a7a5c8175de61870d",
    "https://deno.land/x/graphql_request@v4.1.0/mod.ts": "a24c6f401b8253bb84c773583bf2b37b1b74eec960639f36eb874ca17972f9e7",
    "https://deno.land/x/graphql_request@v4.1.0/src/createRequestBody.ts": "80b40c902de346622c222a068c4f96679a1bb3233c9b31d728518566ca4e679a",
    "https://deno.land/x/graphql_request@v4.1.0/src/index.ts": "15194aba3fdfc1ba896e7fcf9c11227dd1962b635c7d2101e23ed2e0a57cd900",
    "https://deno.land/x/graphql_request@v4.1.0/src/parseArgs.ts": "d00abde98728be96c902debd7ee5032b05f69fb6bb00f86a2b5adf09159541aa",
    "https://deno.land/x/graphql_request@v4.1.0/src/types.dom.ts": "56432fd7ce0aff31542ec7198ff1a3ea5e3d62fda009510f78bf9c0fc47af13e",
    "https://deno.land/x/graphql_request@v4.1.0/src/types.ts": "63a98d9f8efb1d6a580bbef62861c764f0f0b0d3dda04674f4d9a32d6490440b",
    "https://deno.land/x/math@v1.1.0/abs.ts": "d64fe603ae4bb57037f06a1a5004285b99ed016dab6bfcded07c8155efce24b7",
    "https://deno.land/x/math@v1.1.0/big/mod.ts": "ba561f56a24ecc9f03542693ed0c81166ed0c921f8017d220ec70c963e935509",
    "https://deno.land/x/math@v1.1.0/div.ts": "5dda45b8bb5c1f778f2cfb28cbee648c5c7aa818f915acce336651fd13994f07",
    "https://deno.land/x/math@v1.1.0/eq.ts": "145727b71b5bdd993c5d44fd9c9089419dac508527ef3812c590aabcd943236c",
    "https://deno.land/x/math@v1.1.0/gt.ts": "6e493f3cc2ecd9be244bb67dde28b1d5ec4d4218747fc9efd6f551a52093aaf7",
    "https://deno.land/x/math@v1.1.0/gte.ts": "4eddc58c2b79315974c328d92b512e133796d785e1f570f9e8d232e32d620e66",
    "https://deno.land/x/math@v1.1.0/lt.ts": "999e4d118c9a5e8e653bd34a32ef532634a68e0dd4ba6a200ad35cc7fd9ceb31",
    "https://deno.land/x/math@v1.1.0/lte.ts": "637c12db7307d33024054d9671f4f932a42dbaad4c60559c47be17c94f39eb1e",
    "https://deno.land/x/math@v1.1.0/matrix/eye.ts": "b7b060fc60a6f4ae4e3caa82e5a094cd622bd8519f67ad81e305b197a9d19d1c",
    "https://deno.land/x/math@v1.1.0/matrix/identity.ts": "00246e8133f2fac4a1481af7390907cc4cf3e8415a00d29a1e0beb47bdd81074",
    "https://deno.land/x/math@v1.1.0/matrix/matrix.ts": "2b80cd4fb8aa0ab9eca31cf6eb1037a2885f37ae7f84e1b7f050fa831089e937",
    "https://deno.land/x/math@v1.1.0/matrix/mod.ts": "123212ccd86007864c3400ca3deaa998c7e9453b77538094d06edc1add50f199",
    "https://deno.land/x/math@v1.1.0/max.ts": "bf646a3553e8800de240fad977eabbef365c388d33f79ef6fb5f015d8d7ff104",
    "https://deno.land/x/math@v1.1.0/min.ts": "9a617f3b2c76045f9169324787399cb709eba81fae8dbd4ff540336ea82eb470",
    "https://deno.land/x/math@v1.1.0/minus.ts": "e64bfe637c5d5c790f40dd6681b206dc9996303daacb6cd1533e7dc1969acda6",
    "https://deno.land/x/math@v1.1.0/mod.ts": "85f6d29ba8faaae2fb24c4ac3f5772474f1452ee27068714521a7c9aabfd1ee6",
    "https://deno.land/x/math@v1.1.0/modulo.ts": "c83ebdc4f4c9ddabf64ade595802502f2333220b1f59010457f4064e4bb94e6c",
    "https://deno.land/x/math@v1.1.0/plus.ts": "8d500d86c8f27acc9a754f636c530abe17bdb8f240aea2ece4b29e86ca121f40",
    "https://deno.land/x/math@v1.1.0/pow.ts": "47120d27e42fce01572340e724de26039beef6daae25133029af6df6fa7dec4c",
    "https://deno.land/x/math@v1.1.0/round.ts": "1b54a5d440f9a0d44d4ff8ba000f59b4895c37a1b2c2aaf5ec59a5fe8081e308",
    "https://deno.land/x/math@v1.1.0/sqrt.ts": "50d94b4d1d9077f887eec904d73cf5439c1ef4b724d1949414ba5ec7fb9343b3",
    "https://deno.land/x/math@v1.1.0/sum.ts": "6a0fddf3b50a965c79d96edc7fe2e146d4a95915fce90928fb4068abe9d8f059",
    "https://deno.land/x/math@v1.1.0/times.ts": "7359e88b8456fc121bdb800543712d637e0ca260777aa1bb0d43724fe576222e",
    "https://deno.land/x/math@v1.1.0/to_exponential.ts": "9038215c1cfd430acb835ca5e9c967f1a9da8d0658f7eeab8852662b201596d4",
    "https://deno.land/x/math@v1.1.0/to_fixed.ts": "3702a47b14950a9d37f13147e1340b5a3f5f07183d480af59fcdf9d10bb6084e",
    "https://deno.land/x/math@v1.1.0/to_precision.ts": "b7fb70b79649c9fd48f3747d285a5086e457487986c0f395a8275302e13a9b5e",
    "https://deno.land/x/progress@v1.3.7/deps.ts": "83050e627263931d853ba28b7c15c80bf4be912bea7e0d3d13da2bc0aaf7889d",
    "https://deno.land/x/progress@v1.3.7/mod.ts": "ee152d6e97c0d6ed71e4299b230b66d197f23315a9efb826695b9f77f1a38937",
    "https://deno.land/x/progress@v1.3.7/multi.ts": "54e03289ec4c762a387d40eae4bad50dad04089ba67fffb18f8e85343a4bd988",
    "https://deno.land/x/progress@v1.3.7/time.ts": "f5b302425cef076958c9352030f48a79bd7b54316b4057f99192884b5e140ea0",
    "https://deno.land/x/rx_webstreams@0.8.0/deps/zod.ts": "a44637821880d3f0e3c003ca4cb2dccad0ae3a3dfa498a813f081c8a0f1f19b1",
    "https://deno.land/x/rx_webstreams@0.8.0/lib/errors.ts": "9714265be0b1290ff6f3ff7aec089b7c7f47d2c9440010885f9d5e1296bb5a5e",
    "https://deno.land/x/rx_webstreams@0.8.0/lib/shared/errors/IllegalAccess.error.ts": "3db045b9bbca173f454dc1bde4576e41cd8c8562156c3d45a7cf0f9da712fd37",
    "https://deno.land/x/rx_webstreams@0.8.0/lib/shared/types/ChunkFilterFunc.ts": "82335bcefe2bfa3c6f438299ad7f2d1ecbacbd59677820a57afaa053dd5f44be",
    "https://deno.land/x/rx_webstreams@0.8.0/lib/shared/types/ChunkReduceFunc.ts": "86f27af6c744ef2152809d1f08afa4026752857ca4b0121cf7d26a973a09b453",
    "https://deno.land/x/rx_webstreams@0.8.0/lib/shared/types/ChunkTransformFunc.ts": "f64bfeda1110f685c1677b88c34d902f496953e15442bbfbd4d9d251de3957ae",
    "https://deno.land/x/rx_webstreams@0.8.0/lib/sources/emittable/EmittableSourceStream.ts": "605f55497f4f30df338148b2395a59c30c80bf6598de2ce4bcc322954d413bc8",
    "https://deno.land/x/rx_webstreams@0.8.0/lib/sources/emittableSource.ts": "87b129976f069906797d2dc1669d7eb62895c9f83bf968b9e663424c3fd79e09",
    "https://deno.land/x/rx_webstreams@0.8.0/lib/sources/fileSource.ts": "6d5f2ac0fe008b66a214c954fb83de5d75c31cee24436a7540020341a488575f",
    "https://deno.land/x/rx_webstreams@0.8.0/lib/sources/multiplexSource.ts": "da475cfedbf35164d587f4a070cc8069d6c5d00bf7cd87d1a857ba35e68cbd70",
    "https://deno.land/x/rx_webstreams@0.8.0/lib/sources/timerSource.ts": "79acf073c8064a0b0ae232860dfcf24eb2148a1982d60ddfcb6a31d751e2d811",
    "https://deno.land/x/rx_webstreams@0.8.0/lib/targets/simpleCallbackTarget.ts": "ab364908ac1aa8eecb32e6d1dee1d1588550b65ca1debc888257593a688ac382",
    "https://deno.land/x/rx_webstreams@0.8.0/lib/transforms/bytesToString.ts": "55c3dccc33e1f32ee2ead2182fc26fe8c94ac88b82685d15b0c1dc8b126d5e81",
    "https://deno.land/x/rx_webstreams@0.8.0/lib/transforms/filter.ts": "a8700e461bccca26f8cf7c2a07b5e3f9c002ddded4ec4a7332e84d6b106cd17f",
    "https://deno.land/x/rx_webstreams@0.8.0/lib/transforms/map.ts": "a3993b656e1b128e807da43a1ffee0aefca5385e16fc247506933212d32fbffe",
    "https://deno.land/x/rx_webstreams@0.8.0/lib/transforms/reduce.ts": "80d1edc38f2af098a49496e9b15db863ad83d8fcb2b812ce7369814a889d9c87",
    "https://deno.land/x/rx_webstreams@0.8.0/lib/transforms/stringToLines.ts": "d2db4e1c774acddbd0d17ba7ab49c086aa022a8242641060b23cf0034ded231b",
    "https://deno.land/x/rx_webstreams@0.8.0/lib/transforms/validateChunk.ts": "c7729fdea2ea975e29dac5886464cdf5d917efb9a06c675e95683d925fde8ff2",
    "https://deno.land/x/rx_webstreams@0.8.0/lib/types.ts": "d8324d8cdbfa18cd85e5f8f06257cabc8b3e6cfad44fef461050041d50142825",
    "https://deno.land/x/rx_webstreams@0.8.0/lib/utils/UnderlyingSourceWithController.ts": "92b606186289dbdf860191edf5e43cdb1acde203873a0a1a4b44da322340bf32",
    "https://deno.land/x/rx_webstreams@0.8.0/lib/utils/sanitizeOptions.ts": "147fc264ffbb585fea542ad3a6b5859b29900e97013cd55731a08c6112bbd45e",
    "https://deno.land/x/rx_webstreams@0.8.0/mod.ts": "1bb00637181c2a8a98c9929e14edd88b11d36fd2133360e4a33e41e02be8749d",
    "https://deno.land/x/sleep@v1.2.1/mod.ts": "f2d3c9e1ef1fb2852f580f6960384bed36bc18a2da357c35f11a089fcca44273",
    "https://deno.land/x/sleep@v1.2.1/sleep.ts": "2426efe5d3ce5de0b8af08bd36a8700deb5dc60e752f5f8f05d5e815a7e8cb0e",
    "https://deno.land/x/spinners@v1.1.2/mod.ts": "ed5b3562d4ea6c6887bc7e9844612b08a3bc3a3678ca77cc7dfdf461c362751e",
    "https://deno.land/x/spinners@v1.1.2/spinner-types.ts": "c67e6962a0c738aa57b4d3ad9fe06c8c0131f93360acbf95456f2ba200fd8826",
    "https://deno.land/x/spinners@v1.1.2/terminal-spinner.ts": "1cf0c38a423781734e2e538323c1992027830d741e90f0b81f532e5bc993d035",
    "https://deno.land/x/spinners@v1.1.2/util.ts": "7083203bedbda2e6144a14a7dd093747a7a01e73d95637c888bae8ac22a1c58b",
    "https://deno.land/x/zip@v1.2.5/compress.ts": "43d9f4440960d15a85aec58f5d365acc25530d3d4186b2f5f896c090ecac20e8",
    "https://deno.land/x/zip@v1.2.5/decompress.ts": "0bce3d453726f686274fab3f6c19b72b5e74223a00d89c176b1de49a5dd5528d",
    "https://deno.land/x/zip@v1.2.5/deps.ts": "79548387594b3ae1efaaa870b5a507c4d6bedede13dbd5d4ad42f6cda0aeef86",
    "https://deno.land/x/zip@v1.2.5/mod.ts": "28eecbc3e1e5adf564f4aa465e64268713a05653104bacdcb04561533f8caf57",
    "https://deno.land/x/zip@v1.2.5/utils.ts": "43c323f2b79f9db1976c5739bbb1f9cced20e8077ca7e7e703f9d01d4330bd9d",
    "https://deno.land/x/zod@v3.19.1/ZodError.ts": "bd013373ed0cb47621d18df2abb8709a231166806821d76a84d31cad7068379e",
    "https://deno.land/x/zod@v3.19.1/errors.ts": "5285922d2be9700cc0c70c95e4858952b07ae193aa0224be3cbd5cd5567eabef",
    "https://deno.land/x/zod@v3.19.1/external.ts": "584f70718e55ae2660d18a552f9c3a5d022f8153aa43e6537f2c2738d6808d42",
    "https://deno.land/x/zod@v3.19.1/helpers/enumUtil.ts": "54efc393cc9860e687d8b81ff52e980def00fa67377ad0bf8b3104f8a5bf698c",
    "https://deno.land/x/zod@v3.19.1/helpers/errorUtil.ts": "7a77328240be7b847af6de9189963bd9f79cab32bbc61502a9db4fe6683e2ea7",
    "https://deno.land/x/zod@v3.19.1/helpers/parseUtil.ts": "920a5623929a4be9110412f82d16ccda537a58e153c942a6d6b8a38329f293a1",
    "https://deno.land/x/zod@v3.19.1/helpers/partialUtil.ts": "8dc921a02b47384cf52217c7e539268daf619f89319b75bdf13ea178815725df",
    "https://deno.land/x/zod@v3.19.1/helpers/typeAliases.ts": "a1a8d039eb98925f242f5ea1e21e6d3cabd7f05e9747680165c914695c979b4f",
    "https://deno.land/x/zod@v3.19.1/helpers/util.ts": "27765b9fbf843da59fcc16dccd6478976051b483769ec8e8376ac051bbac4a02",
    "https://deno.land/x/zod@v3.19.1/index.ts": "035a7422d9f2be54daa0fe464254b69225b443000673e4794095d672471e8792",
    "https://deno.land/x/zod@v3.19.1/locales/en.ts": "152ea350b7df6ce14f2806fc8c0972f56c9b2de6a3dd1129795287f50dee4374",
    "https://deno.land/x/zod@v3.19.1/mod.ts": "64e55237cb4410e17d968cd08975566059f27638ebb0b86048031b987ba251c4",
    "https://deno.land/x/zod@v3.19.1/types.ts": "ab062fe1640d2172f49ca593fb325a22f8927145201f29b02b62353c79db2501",
    "https://deno.land/x/zod@v3.22.2/ZodError.ts": "4de18ff525e75a0315f2c12066b77b5c2ae18c7c15ef7df7e165d63536fdf2ea",
    "https://deno.land/x/zod@v3.22.2/errors.ts": "5285922d2be9700cc0c70c95e4858952b07ae193aa0224be3cbd5cd5567eabef",
    "https://deno.land/x/zod@v3.22.2/external.ts": "a6cfbd61e9e097d5f42f8a7ed6f92f93f51ff927d29c9fbaec04f03cbce130fe",
    "https://deno.land/x/zod@v3.22.2/helpers/enumUtil.ts": "54efc393cc9860e687d8b81ff52e980def00fa67377ad0bf8b3104f8a5bf698c",
    "https://deno.land/x/zod@v3.22.2/helpers/errorUtil.ts": "7a77328240be7b847af6de9189963bd9f79cab32bbc61502a9db4fe6683e2ea7",
    "https://deno.land/x/zod@v3.22.2/helpers/parseUtil.ts": "f791e6e65a0340d85ad37d26cd7a3ba67126cd9957eac2b7163162155283abb1",
    "https://deno.land/x/zod@v3.22.2/helpers/partialUtil.ts": "998c2fe79795257d4d1cf10361e74492f3b7d852f61057c7c08ac0a46488b7e7",
    "https://deno.land/x/zod@v3.22.2/helpers/typeAliases.ts": "0fda31a063c6736fc3cf9090dd94865c811dfff4f3cb8707b932bf937c6f2c3e",
    "https://deno.land/x/zod@v3.22.2/helpers/util.ts": "8baf19b19b2fca8424380367b90364b32503b6b71780269a6e3e67700bb02774",
    "https://deno.land/x/zod@v3.22.2/index.ts": "d27aabd973613985574bc31f39e45cb5d856aa122ef094a9f38a463b8ef1a268",
    "https://deno.land/x/zod@v3.22.2/locales/en.ts": "a7a25cd23563ccb5e0eed214d9b31846305ddbcdb9c5c8f508b108943366ab4c",
    "https://deno.land/x/zod@v3.22.2/mod.ts": "64e55237cb4410e17d968cd08975566059f27638ebb0b86048031b987ba251c4",
    "https://deno.land/x/zod@v3.22.2/types.ts": "18cbe3d895f42977c43fa9411da214b06d0d682cf2f4c9dd26cc8c3737740d40"
  }
}
